
Microsoft Visual Studio Solution File, Format Version 12.00
# Visual Studio Version 17
VisualStudioVersion = 17.0.32112.339
MinimumVisualStudioVersion = 10.0.40219.1
Project("{FAE04EC0-301F-11D3-BF4B-00C04F79EFBC}") = "Zadanie5-NBP", "Zadanie5-NBP\Zadanie5-NBP.csproj", "{FD634F6E-D59F-4859-81BA-00E6CCECDED1}"
EndProject
Global
	GlobalSection(SolutionConfigurationPlatforms) = preSolution
		Debug|Any CPU = Debug|Any CPU
		Release|Any CPU = Release|Any CPU
	EndGlobalSection
	GlobalSection(ProjectConfigurationPlatforms) = postSolution
		{FD634F6E-D59F-4859-81BA-00E6CCECDED1}.Debug|Any CPU.ActiveCfg = Debug|Any CPU
		{FD634F6E-D59F-4859-81BA-00E6CCECDED1}.Debug|Any CPU.Build.0 = Debug|Any CPU
		{FD634F6E-D59F-4859-81BA-00E6CCECDED1}.Release|Any CPU.ActiveCfg = Release|Any CPU
		{FD634F6E-D59F-4859-81BA-00E6CCECDED1}.Release|Any CPU.Build.0 = Release|Any CPU
	EndGlobalSection
	GlobalSection(SolutionProperties) = preSolution
		HideSolutionNode = FALSE
	EndGlobalSection
	GlobalSection(ExtensibilityGlobals) = postSolution
		SolutionGuid = {8303291E-DAC1-4CB6-A4B3-6B9C6D8C11DB}
	EndGlobalSection
EndGlobal
